# THIS IS AN AUTOGENERATED FILE. DO NOT EDIT THIS FILE DIRECTLY.
# yarn lockfile v1


"@esbuild/linux-loong64@0.14.54":
  version "0.14.54"
  resolved "https://registry.yarnpkg.com/@esbuild/linux-loong64/-/linux-loong64-0.14.54.tgz#de2a4be678bd4d0d1ffbb86e6de779cde5999028"
  integrity sha512-bZBrLAIX1kpWelV0XemxBZllyRmM6vgFQQG2GdNb+r3Fkp0FOh1NJSvekXDs7jq70k4euu1cryLMfU+mTXlEpw==

arr-union@^3.1.0:
  version "3.1.0"
  resolved "https://registry.yarnpkg.com/arr-union/-/arr-union-3.1.0.tgz#e39b09aea9def866a8f206e288af63919bae39c4"
  integrity sha512-sKpyeERZ02v1FeCZT8lrfJq5u6goHCtpTAzPwJYe7c8SPFOboNjNg1vz2L4VTn9T4PQxEx13TbXLmYUcS6Ug7Q==

clone-deep@^0.2.4:
  version "0.2.4"
  resolved "https://registry.yarnpkg.com/clone-deep/-/clone-deep-0.2.4.tgz#4e73dd09e9fb971cc38670c5dced9c1896481cc6"
  integrity sha512-we+NuQo2DHhSl+DP6jlUiAhyAjBQrYnpOk15rN6c6JSPScjiCLh8IbSU+VTcph6YS3o7mASE8a0+gbZ7ChLpgg==
  dependencies:
    for-own "^0.1.3"
    is-plain-object "^2.0.1"
    kind-of "^3.0.2"
    lazy-cache "^1.0.3"
    shallow-clone "^0.1.2"

esbuild-android-64@0.14.54:
  version "0.14.54"
  resolved "https://registry.yarnpkg.com/esbuild-android-64/-/esbuild-android-64-0.14.54.tgz#505f41832884313bbaffb27704b8bcaa2d8616be"
  integrity sha512-Tz2++Aqqz0rJ7kYBfz+iqyE3QMycD4vk7LBRyWaAVFgFtQ/O8EJOnVmTOiDWYZ/uYzB4kvP+bqejYdVKzE5lAQ==

esbuild-android-arm64@0.14.54:
  version "0.14.54"
  resolved "https://registry.yarnpkg.com/esbuild-android-arm64/-/esbuild-android-arm64-0.14.54.tgz#8ce69d7caba49646e009968fe5754a21a9871771"
  integrity sha512-F9E+/QDi9sSkLaClO8SOV6etqPd+5DgJje1F9lOWoNncDdOBL2YF59IhsWATSt0TLZbYCf3pNlTHvVV5VfHdvg==

esbuild-darwin-64@0.14.54:
  version "0.14.54"
  resolved "https://registry.yarnpkg.com/esbuild-darwin-64/-/esbuild-darwin-64-0.14.54.tgz#24ba67b9a8cb890a3c08d9018f887cc221cdda25"
  integrity sha512-jtdKWV3nBviOd5v4hOpkVmpxsBy90CGzebpbO9beiqUYVMBtSc0AL9zGftFuBon7PNDcdvNCEuQqw2x0wP9yug==

esbuild-darwin-arm64@0.14.54:
  version "0.14.54"
  resolved "https://registry.yarnpkg.com/esbuild-darwin-arm64/-/esbuild-darwin-arm64-0.14.54.tgz#3f7cdb78888ee05e488d250a2bdaab1fa671bf73"
  integrity sha512-OPafJHD2oUPyvJMrsCvDGkRrVCar5aVyHfWGQzY1dWnzErjrDuSETxwA2HSsyg2jORLY8yBfzc1MIpUkXlctmw==

esbuild-freebsd-64@0.14.54:
  version "0.14.54"
  resolved "https://registry.yarnpkg.com/esbuild-freebsd-64/-/esbuild-freebsd-64-0.14.54.tgz#09250f997a56ed4650f3e1979c905ffc40bbe94d"
  integrity sha512-OKwd4gmwHqOTp4mOGZKe/XUlbDJ4Q9TjX0hMPIDBUWWu/kwhBAudJdBoxnjNf9ocIB6GN6CPowYpR/hRCbSYAg==

esbuild-freebsd-arm64@0.14.54:
  version "0.14.54"
  resolved "https://registry.yarnpkg.com/esbuild-freebsd-arm64/-/esbuild-freebsd-arm64-0.14.54.tgz#bafb46ed04fc5f97cbdb016d86947a79579f8e48"
  integrity sha512-sFwueGr7OvIFiQT6WeG0jRLjkjdqWWSrfbVwZp8iMP+8UHEHRBvlaxL6IuKNDwAozNUmbb8nIMXa7oAOARGs1Q==

esbuild-linux-32@0.14.54:
  version "0.14.54"
  resolved "https://registry.yarnpkg.com/esbuild-linux-32/-/esbuild-linux-32-0.14.54.tgz#e2a8c4a8efdc355405325033fcebeb941f781fe5"
  integrity sha512-1ZuY+JDI//WmklKlBgJnglpUL1owm2OX+8E1syCD6UAxcMM/XoWd76OHSjl/0MR0LisSAXDqgjT3uJqT67O3qw==

esbuild-linux-64@0.14.54:
  version "0.14.54"
  resolved "https://registry.yarnpkg.com/esbuild-linux-64/-/esbuild-linux-64-0.14.54.tgz#de5fdba1c95666cf72369f52b40b03be71226652"
  integrity sha512-EgjAgH5HwTbtNsTqQOXWApBaPVdDn7XcK+/PtJwZLT1UmpLoznPd8c5CxqsH2dQK3j05YsB3L17T8vE7cp4cCg==

esbuild-linux-arm64@0.14.54:
  version "0.14.54"
  resolved "https://registry.yarnpkg.com/esbuild-linux-arm64/-/esbuild-linux-arm64-0.14.54.tgz#dae4cd42ae9787468b6a5c158da4c84e83b0ce8b"
  integrity sha512-WL71L+0Rwv+Gv/HTmxTEmpv0UgmxYa5ftZILVi2QmZBgX3q7+tDeOQNqGtdXSdsL8TQi1vIaVFHUPDe0O0kdig==

esbuild-linux-arm@0.14.54:
  version "0.14.54"
  resolved "https://registry.yarnpkg.com/esbuild-linux-arm/-/esbuild-linux-arm-0.14.54.tgz#a2c1dff6d0f21dbe8fc6998a122675533ddfcd59"
  integrity sha512-qqz/SjemQhVMTnvcLGoLOdFpCYbz4v4fUo+TfsWG+1aOu70/80RV6bgNpR2JCrppV2moUQkww+6bWxXRL9YMGw==

esbuild-linux-mips64le@0.14.54:
  version "0.14.54"
  resolved "https://registry.yarnpkg.com/esbuild-linux-mips64le/-/esbuild-linux-mips64le-0.14.54.tgz#d9918e9e4cb972f8d6dae8e8655bf9ee131eda34"
  integrity sha512-qTHGQB8D1etd0u1+sB6p0ikLKRVuCWhYQhAHRPkO+OF3I/iSlTKNNS0Lh2Oc0g0UFGguaFZZiPJdJey3AGpAlw==

esbuild-linux-ppc64le@0.14.54:
  version "0.14.54"
  resolved "https://registry.yarnpkg.com/esbuild-linux-ppc64le/-/esbuild-linux-ppc64le-0.14.54.tgz#3f9a0f6d41073fb1a640680845c7de52995f137e"
  integrity sha512-j3OMlzHiqwZBDPRCDFKcx595XVfOfOnv68Ax3U4UKZ3MTYQB5Yz3X1mn5GnodEVYzhtZgxEBidLWeIs8FDSfrQ==

esbuild-linux-riscv64@0.14.54:
  version "0.14.54"
  resolved "https://registry.yarnpkg.com/esbuild-linux-riscv64/-/esbuild-linux-riscv64-0.14.54.tgz#618853c028178a61837bc799d2013d4695e451c8"
  integrity sha512-y7Vt7Wl9dkOGZjxQZnDAqqn+XOqFD7IMWiewY5SPlNlzMX39ocPQlOaoxvT4FllA5viyV26/QzHtvTjVNOxHZg==

esbuild-linux-s390x@0.14.54:
  version "0.14.54"
  resolved "https://registry.yarnpkg.com/esbuild-linux-s390x/-/esbuild-linux-s390x-0.14.54.tgz#d1885c4c5a76bbb5a0fe182e2c8c60eb9e29f2a6"
  integrity sha512-zaHpW9dziAsi7lRcyV4r8dhfG1qBidQWUXweUjnw+lliChJqQr+6XD71K41oEIC3Mx1KStovEmlzm+MkGZHnHA==

esbuild-netbsd-64@0.14.54:
  version "0.14.54"
  resolved "https://registry.yarnpkg.com/esbuild-netbsd-64/-/esbuild-netbsd-64-0.14.54.tgz#69ae917a2ff241b7df1dbf22baf04bd330349e81"
  integrity sha512-PR01lmIMnfJTgeU9VJTDY9ZerDWVFIUzAtJuDHwwceppW7cQWjBBqP48NdeRtoP04/AtO9a7w3viI+PIDr6d+w==

esbuild-openbsd-64@0.14.54:
  version "0.14.54"
  resolved "https://registry.yarnpkg.com/esbuild-openbsd-64/-/esbuild-openbsd-64-0.14.54.tgz#db4c8495287a350a6790de22edea247a57c5d47b"
  integrity sha512-Qyk7ikT2o7Wu76UsvvDS5q0amJvmRzDyVlL0qf5VLsLchjCa1+IAvd8kTBgUxD7VBUUVgItLkk609ZHUc1oCaw==

esbuild-sunos-64@0.14.54:
  version "0.14.54"
  resolved "https://registry.yarnpkg.com/esbuild-sunos-64/-/esbuild-sunos-64-0.14.54.tgz#54287ee3da73d3844b721c21bc80c1dc7e1bf7da"
  integrity sha512-28GZ24KmMSeKi5ueWzMcco6EBHStL3B6ubM7M51RmPwXQGLe0teBGJocmWhgwccA1GeFXqxzILIxXpHbl9Q/Kw==

esbuild-windows-32@0.14.54:
  version "0.14.54"
  resolved "https://registry.yarnpkg.com/esbuild-windows-32/-/esbuild-windows-32-0.14.54.tgz#f8aaf9a5667630b40f0fb3aa37bf01bbd340ce31"
  integrity sha512-T+rdZW19ql9MjS7pixmZYVObd9G7kcaZo+sETqNH4RCkuuYSuv9AGHUVnPoP9hhuE1WM1ZimHz1CIBHBboLU7w==

esbuild-windows-64@0.14.54:
  version "0.14.54"
  resolved "https://registry.yarnpkg.com/esbuild-windows-64/-/esbuild-windows-64-0.14.54.tgz#bf54b51bd3e9b0f1886ffdb224a4176031ea0af4"
  integrity sha512-AoHTRBUuYwXtZhjXZbA1pGfTo8cJo3vZIcWGLiUcTNgHpJJMC1rVA44ZereBHMJtotyN71S8Qw0npiCIkW96cQ==

esbuild-windows-arm64@0.14.54:
  version "0.14.54"
  resolved "https://registry.yarnpkg.com/esbuild-windows-arm64/-/esbuild-windows-arm64-0.14.54.tgz#937d15675a15e4b0e4fafdbaa3a01a776a2be982"
  integrity sha512-M0kuUvXhot1zOISQGXwWn6YtS+Y/1RT9WrVIOywZnJHo3jCDyewAc79aKNQWFCQm+xNHVTq9h8dZKvygoXQQRg==

esbuild@^0.14.39:
  version "0.14.54"
  resolved "https://registry.yarnpkg.com/esbuild/-/esbuild-0.14.54.tgz#8b44dcf2b0f1a66fc22459943dccf477535e9aa2"
  integrity sha512-Cy9llcy8DvET5uznocPyqL3BFRrFXSVqbgpMJ9Wz8oVjZlh/zUSNbPRbov0VX7VxN2JH1Oa0uNxZ7eLRb62pJA==
  optionalDependencies:
    "@esbuild/linux-loong64" "0.14.54"
    esbuild-android-64 "0.14.54"
    esbuild-android-arm64 "0.14.54"
    esbuild-darwin-64 "0.14.54"
    esbuild-darwin-arm64 "0.14.54"
    esbuild-freebsd-64 "0.14.54"
    esbuild-freebsd-arm64 "0.14.54"
    esbuild-linux-32 "0.14.54"
    esbuild-linux-64 "0.14.54"
    esbuild-linux-arm "0.14.54"
    esbuild-linux-arm64 "0.14.54"
    esbuild-linux-mips64le "0.14.54"
    esbuild-linux-ppc64le "0.14.54"
    esbuild-linux-riscv64 "0.14.54"
    esbuild-linux-s390x "0.14.54"
    esbuild-netbsd-64 "0.14.54"
    esbuild-openbsd-64 "0.14.54"
    esbuild-sunos-64 "0.14.54"
    esbuild-windows-32 "0.14.54"
    esbuild-windows-64 "0.14.54"
    esbuild-windows-arm64 "0.14.54"

for-in@^0.1.3:
  version "0.1.8"
  resolved "https://registry.yarnpkg.com/for-in/-/for-in-0.1.8.tgz#d8773908e31256109952b1fdb9b3fa867d2775e1"
  integrity sha512-F0to7vbBSHP8E3l6dCjxNOLuSFAACIxFy3UehTUlG7svlXi37HHsDkyVcHo0Pq8QwrE+pXvWSVX3ZT1T9wAZ9g==

for-in@^1.0.1:
  version "1.0.2"
  resolved "https://registry.yarnpkg.com/for-in/-/for-in-1.0.2.tgz#81068d295a8142ec0ac726c6e2200c30fb6d5e80"
  integrity sha512-7EwmXrOjyL+ChxMhmG5lnW9MPt1aIeZEwKhQzoBUdTV0N3zuwWDZYVJatDvZ2OyzPUvdIAZDsCetk3coyMfcnQ==

for-own@^0.1.3:
  version "0.1.5"
  resolved "https://registry.yarnpkg.com/for-own/-/for-own-0.1.5.tgz#5265c681a4f294dabbf17c9509b6763aa84510ce"
  integrity sha512-SKmowqGTJoPzLO1T0BBJpkfp3EMacCMOuH40hOUbrbzElVktk4DioXVM99QkLCyKoiuOmyjgcWMpVz2xjE7LZw==
  dependencies:
    for-in "^1.0.1"

import-maps@^0.2.1:
  version "0.2.4"
  resolved "https://registry.yarnpkg.com/import-maps/-/import-maps-0.2.4.tgz#7404dc331acb13bbf98151d742a5ce238e8b6d41"
  integrity sha512-31ZDO53RS3HcZUDIj8OMNuFr6gXkc6wsK+lTZosZuT8CDF/Y1Hk2gAJ6X+bdiEZoj8GkRN+nS5hFZQuOl0f29g==

is-buffer@^1.0.2, is-buffer@^1.1.5:
  version "1.1.6"
  resolved "https://registry.yarnpkg.com/is-buffer/-/is-buffer-1.1.6.tgz#efaa2ea9daa0d7ab2ea13a97b2b8ad51fefbe8be"
  integrity sha512-NcdALwpXkTm5Zvvbk7owOUSvVvBKDgKP5/ewfXEznmQFfs4ZRmanOeKBTjRVjka3QFoN6XJ+9F3USqfHqTaU5w==

is-extendable@^0.1.1:
  version "0.1.1"
  resolved "https://registry.yarnpkg.com/is-extendable/-/is-extendable-0.1.1.tgz#62b110e289a471418e3ec36a617d472e301dfc89"
  integrity sha512-5BMULNob1vgFX6EjQw5izWDxrecWK9AM72rugNr0TFldMOi0fj6Jk+zeKIt0xGj4cEfQIJth4w3OKWOJ4f+AFw==

is-plain-object@^2.0.1:
  version "2.0.4"
  resolved "https://registry.yarnpkg.com/is-plain-object/-/is-plain-object-2.0.4.tgz#2c163b3fafb1b606d9d17928f05c2a1c38e07677"
  integrity sha512-h5PpgXkWitc38BBMYawTYMWJHFZJVnBquFE57xFpjB8pJFiF6gZ+bU+WyI/yqXiFR5mdLsgYNaPe8uao6Uv9Og==
  dependencies:
    isobject "^3.0.1"

isobject@^3.0.1:
  version "3.0.1"
  resolved "https://registry.yarnpkg.com/isobject/-/isobject-3.0.1.tgz#4e431e92b11a9731636aa1f9c8d1ccbcfdab78df"
  integrity sha512-WhB9zCku7EGTj/HQQRz5aUQEUeoQZH2bWcltRErOpymJ4boYE6wL9Tbr23krRPSZ+C5zqNSrSw+Cc7sZZ4b7vg==

kind-of@^2.0.1:
  version "2.0.1"
  resolved "https://registry.yarnpkg.com/kind-of/-/kind-of-2.0.1.tgz#018ec7a4ce7e3a86cb9141be519d24c8faa981b5"
  integrity sha512-0u8i1NZ/mg0b+W3MGGw5I7+6Eib2nx72S/QvXa0hYjEkjTknYmEYQJwGu3mLC0BrhtJjtQafTkyRUQ75Kx0LVg==
  dependencies:
    is-buffer "^1.0.2"

kind-of@^3.0.2:
  version "3.2.2"
  resolved "https://registry.yarnpkg.com/kind-of/-/kind-of-3.2.2.tgz#31ea21a734bab9bbb0f32466d893aea51e4a3c64"
  integrity sha512-NOW9QQXMoZGg/oqnVNoNTTIFEIid1627WCffUBJEdMxYApq7mNE7CpzucIPc+ZQg25Phej7IJSmX3hO+oblOtQ==
  dependencies:
    is-buffer "^1.1.5"

lazy-cache@^0.2.3:
  version "0.2.7"
  resolved "https://registry.yarnpkg.com/lazy-cache/-/lazy-cache-0.2.7.tgz#7feddf2dcb6edb77d11ef1d117ab5ffdf0ab1b65"
  integrity sha512-gkX52wvU/R8DVMMt78ATVPFMJqfW8FPz1GZ1sVHBVQHmu/WvhIWE4cE1GBzhJNFicDeYhnwp6Rl35BcAIM3YOQ==

lazy-cache@^1.0.3:
  version "1.0.4"
  resolved "https://registry.yarnpkg.com/lazy-cache/-/lazy-cache-1.0.4.tgz#a1d78fc3a50474cb80845d3b3b6e1da49a446e8e"
  integrity sha512-RE2g0b5VGZsOCFOCgP7omTRYFqydmZkBwl5oNnQ1lDYC57uyO9KqNnNVxT7COSHTxrRCWVcAVOcbjk+tvh/rgQ==

merge-deep@^3.0.2:
  version "3.0.3"
  resolved "https://registry.yarnpkg.com/merge-deep/-/merge-deep-3.0.3.tgz#1a2b2ae926da8b2ae93a0ac15d90cd1922766003"
  integrity sha512-qtmzAS6t6grwEkNrunqTBdn0qKwFgNWvlxUbAV8es9M7Ot1EbyApytCnvE0jALPa46ZpKDUo527kKiaWplmlFA==
  dependencies:
    arr-union "^3.1.0"
    clone-deep "^0.2.4"
    kind-of "^3.0.2"

mixin-object@^2.0.1:
  version "2.0.1"
  resolved "https://registry.yarnpkg.com/mixin-object/-/mixin-object-2.0.1.tgz#4fb949441dab182540f1fe035ba60e1947a5e57e"
  integrity sha512-ALGF1Jt9ouehcaXaHhn6t1yGWRqGaHkPFndtFVHfZXOvkIZ/yoGaSi0AHVTafb3ZBGg4dr/bDwnaEKqCXzchMA==
  dependencies:
    for-in "^0.1.3"
    is-extendable "^0.1.1"

shallow-clone@^0.1.2:
  version "0.1.2"
  resolved "https://registry.yarnpkg.com/shallow-clone/-/shallow-clone-0.1.2.tgz#5909e874ba77106d73ac414cfec1ffca87d97060"
  integrity sha512-J1zdXCky5GmNnuauESROVu31MQSnLoYvlyEn6j2Ztk6Q5EHFIhxkMhYcv6vuDzl2XEzoRr856QwzMgWM/TmZgw==
  dependencies:
    is-extendable "^0.1.1"
    kind-of "^2.0.1"
    lazy-cache "^0.2.3"
    mixin-object "^2.0.1"

typescript-deno-plugin@^1.31.0:
  version "1.31.0"
  resolved "https://registry.yarnpkg.com/typescript-deno-plugin/-/typescript-deno-plugin-1.31.0.tgz#7e354c1b30328707ac1d2ea724355d24db5c72f2"
  integrity sha512-IoF5c8EubyNgjxxarguZfMx8Ph9Av9XqjySop0orepXv8wr02ND3DNNDFFdQyZfQAAcv1/v/u14MQIp8Os4c1w==
  dependencies:
    import-maps "^0.2.1"
    merge-deep "^3.0.2"
